
Microsoft Visual Studio Solution File, Format Version 12.00
# Visual Studio Version 17
VisualStudioVersion = 17.14.36414.22 d17.14
MinimumVisualStudioVersion = 10.0.40219.1
Project("{FAE04EC0-301F-11D3-BF4B-00C04F79EFBC}") = "baitapthuchanh2", "baitapthuchanh2\baitapthuchanh2.csproj", "{8932D698-BAD4-4FAF-B9C7-82BE109AE685}"
EndProject
Global
	GlobalSection(SolutionConfigurationPlatforms) = preSolution
		Debug|Any CPU = Debug|Any CPU
		Release|Any CPU = Release|Any CPU
	EndGlobalSection
	GlobalSection(ProjectConfigurationPlatforms) = postSolution
		{8932D698-BAD4-4FAF-B9C7-82BE109AE685}.Debug|Any CPU.ActiveCfg = Debug|Any CPU
		{8932D698-BAD4-4FAF-B9C7-82BE109AE685}.Debug|Any CPU.Build.0 = Debug|Any CPU
		{8932D698-BAD4-4FAF-B9C7-82BE109AE685}.Release|Any CPU.ActiveCfg = Release|Any CPU
		{8932D698-BAD4-4FAF-B9C7-82BE109AE685}.Release|Any CPU.Build.0 = Release|Any CPU
	EndGlobalSection
	GlobalSection(SolutionProperties) = preSolution
		HideSolutionNode = FALSE
	EndGlobalSection
	GlobalSection(ExtensibilityGlobals) = postSolution
		SolutionGuid = {BE4ACF60-9E57-42C4-A461-DC307489EF11}
	EndGlobalSection
EndGlobal
